
Microsoft Visual Studio Solution File, Format Version 12.00
# Visual Studio Version 17
VisualStudioVersion = 17.4.33213.308
MinimumVisualStudioVersion = 10.0.40219.1
Project("{8BC9CEB8-8B4A-11D0-8D11-00A0C91BC942}") = "Rendere2D", "Rendere2D.vcxproj", "{1068B799-9BC8-423F-8C49-484FC8D69093}"
EndProject
Global
	GlobalSection(SolutionConfigurationPlatforms) = preSolution
		Debug|x64 = Debug|x64
		Debug|x86 = Debug|x86
		Release|x64 = Release|x64
		Release|x86 = Release|x86
	EndGlobalSection
	GlobalSection(ProjectConfigurationPlatforms) = postSolution
		{1068B799-9BC8-423F-8C49-484FC8D69093}.Debug|x64.ActiveCfg = Debug|x64
		{1068B799-9BC8-423F-8C49-484FC8D69093}.Debug|x64.Build.0 = Debug|x64
		{1068B799-9BC8-423F-8C49-484FC8D69093}.Debug|x86.ActiveCfg = Debug|Win32
		{1068B799-9BC8-423F-8C49-484FC8D69093}.Debug|x86.Build.0 = Debug|Win32
		{1068B799-9BC8-423F-8C49-484FC8D69093}.Release|x64.ActiveCfg = Release|x64
		{1068B799-9BC8-423F-8C49-484FC8D69093}.Release|x64.Build.0 = Release|x64
		{1068B799-9BC8-423F-8C49-484FC8D69093}.Release|x86.ActiveCfg = Release|Win32
		{1068B799-9BC8-423F-8C49-484FC8D69093}.Release|x86.Build.0 = Release|Win32
	EndGlobalSection
	GlobalSection(SolutionProperties) = preSolution
		HideSolutionNode = FALSE
	EndGlobalSection
	GlobalSection(ExtensibilityGlobals) = postSolution
		SolutionGuid = {007134B8-D0B7-482D-9C51-9DF3BE64D16D}
	EndGlobalSection
EndGlobal
